
Microsoft Visual Studio Solution File, Format Version 12.00
# Visual Studio Version 17
VisualStudioVersion = 17.14.36202.13
MinimumVisualStudioVersion = 10.0.40219.1
Project("{9A19103F-16F7-4668-BE54-9A1E7A4F7556}") = "MSPR-bloc-4-orders", "MSPR-bloc-4-orders\MSPR-bloc-4-orders.csproj", "{7C3185D4-0ACB-4AFC-941E-D8A18A78E52B}"
EndProject
Project("{9A19103F-16F7-4668-BE54-9A1E7A4F7556}") = "MSPR-bloc-4-orders.UnitTests", "MSPR-bloc-4-orders.UnitTests\MSPR-bloc-4-orders.UnitTests.csproj", "{E1A8079C-9D0C-4958-B1AD-9C23599FAC61}"
EndProject
Project("{E53339B2-1760-4266-BCC7-CA923CBCF16C}") = "docker-compose", "docker-compose.dcproj", "{67C8D81E-53BE-4433-ACCC-D5DAA18EB2DF}"
EndProject
Global
	GlobalSection(SolutionConfigurationPlatforms) = preSolution
		Debug|Any CPU = Debug|Any CPU
		Release|Any CPU = Release|Any CPU
	EndGlobalSection
	GlobalSection(ProjectConfigurationPlatforms) = postSolution
		{7C3185D4-0ACB-4AFC-941E-D8A18A78E52B}.Debug|Any CPU.ActiveCfg = Debug|Any CPU
		{7C3185D4-0ACB-4AFC-941E-D8A18A78E52B}.Debug|Any CPU.Build.0 = Debug|Any CPU
		{7C3185D4-0ACB-4AFC-941E-D8A18A78E52B}.Release|Any CPU.ActiveCfg = Release|Any CPU
		{7C3185D4-0ACB-4AFC-941E-D8A18A78E52B}.Release|Any CPU.Build.0 = Release|Any CPU
		{E1A8079C-9D0C-4958-B1AD-9C23599FAC61}.Debug|Any CPU.ActiveCfg = Debug|Any CPU
		{E1A8079C-9D0C-4958-B1AD-9C23599FAC61}.Debug|Any CPU.Build.0 = Debug|Any CPU
		{E1A8079C-9D0C-4958-B1AD-9C23599FAC61}.Release|Any CPU.ActiveCfg = Release|Any CPU
		{E1A8079C-9D0C-4958-B1AD-9C23599FAC61}.Release|Any CPU.Build.0 = Release|Any CPU
		{67C8D81E-53BE-4433-ACCC-D5DAA18EB2DF}.Debug|Any CPU.ActiveCfg = Debug|Any CPU
		{67C8D81E-53BE-4433-ACCC-D5DAA18EB2DF}.Debug|Any CPU.Build.0 = Debug|Any CPU
		{67C8D81E-53BE-4433-ACCC-D5DAA18EB2DF}.Release|Any CPU.ActiveCfg = Release|Any CPU
		{67C8D81E-53BE-4433-ACCC-D5DAA18EB2DF}.Release|Any CPU.Build.0 = Release|Any CPU
	EndGlobalSection
	GlobalSection(SolutionProperties) = preSolution
		HideSolutionNode = FALSE
	EndGlobalSection
	GlobalSection(ExtensibilityGlobals) = postSolution
		SolutionGuid = {A9F8E351-4E5B-4FED-A082-AB1CE8ACEBBA}
	EndGlobalSection
EndGlobal
